# This file was autogenerated by Stack.
# You should not edit this file by hand.
# For more information, please see the documentation at:
#   https://docs.haskellstack.org/en/stable/lock_files

packages:
- completed:
    hackage: GLUtil-0.10.3@sha256:6b3eb89a15f0363647bc4112e007868440b1555e11bf3219e0e1ea884416e5e1,2523
    pantry-tree:
      size: 1618
      sha256: 2d4bf556e63330bba69e03323a7503dee11f26af48f1236cd817d8b7b1b78d64
  original:
    hackage: GLUtil-0.10.3
- completed:
    hackage: hpp-0.6.1@sha256:c7d22f5d09661ce4bd257c85a09d997561f167212db1f7ede978845715bd9200,1987
    pantry-tree:
      size: 1357
      sha256: a94b603a0c3c720cba42fc21e27a158d93893e4fdf3cd9b05e1c360b13bee27d
  original:
    hackage: hpp-0.6.1
snapshots:
- completed:
    size: 500539
    url: https://raw.githubusercontent.com/commercialhaskell/stackage-snapshots/master/lts/13/28.yaml
    sha256: cdde1bfb38fdee21c6acb73d506e78f7e12e0a73892adbbbe56374ebef4d3adf
  original: lts-13.28
